
Microsoft Visual Studio Solution File, Format Version 12.00
# Visual Studio Version 17
VisualStudioVersion = 17.8.34525.116
MinimumVisualStudioVersion = 10.0.40219.1
Project("{9A19103F-16F7-4668-BE54-9A1E7A4F7556}") = "Practice Projects", "Practice Projects\Practice Projects.csproj", "{542874D7-C670-4083-B74F-80476D0CA338}"
EndProject
Project("{9A19103F-16F7-4668-BE54-9A1E7A4F7556}") = "SchoolSystem", "SchoolSystem\SchoolSystem.csproj", "{CC47D633-8906-4087-963A-B585271E4F91}"
EndProject
Project("{9A19103F-16F7-4668-BE54-9A1E7A4F7556}") = "singleton", "singleton\singleton.csproj", "{416443F7-3318-423E-8FF8-71B7A66226A8}"
EndProject
Project("{9A19103F-16F7-4668-BE54-9A1E7A4F7556}") = "Adapter", "Adapter\Adapter.csproj", "{FDB393B6-BC6F-410C-95A7-A7E9C2DA6C90}"
EndProject
Project("{9A19103F-16F7-4668-BE54-9A1E7A4F7556}") = "Strategy", "Strategy\Strategy.csproj", "{3A92B501-4545-4567-BF9A-15BD20CA5643}"
EndProject
Project("{9A19103F-16F7-4668-BE54-9A1E7A4F7556}") = "Facade", "Facade\Facade.csproj", "{42E5AC0A-92E4-4F83-8EBE-BAAC55FE93C1}"
EndProject
Project("{9A19103F-16F7-4668-BE54-9A1E7A4F7556}") = "Factory", "Factory\Factory.csproj", "{E00CE8E0-E3F1-4A8B-B077-161462E3FC08}"
EndProject
Project("{9A19103F-16F7-4668-BE54-9A1E7A4F7556}") = "Observer", "Observer\Observer.csproj", "{65AD5865-97D3-40F8-ABDA-0F3BFF32EB32}"
EndProject
Project("{9A19103F-16F7-4668-BE54-9A1E7A4F7556}") = "Decorator", "Decorator\Decorator.csproj", "{6E8D49BC-8B58-461E-AABF-466D50D87FC8}"
EndProject
Global
	GlobalSection(SolutionConfigurationPlatforms) = preSolution
		Debug|Any CPU = Debug|Any CPU
		Release|Any CPU = Release|Any CPU
	EndGlobalSection
	GlobalSection(ProjectConfigurationPlatforms) = postSolution
		{542874D7-C670-4083-B74F-80476D0CA338}.Debug|Any CPU.ActiveCfg = Debug|Any CPU
		{542874D7-C670-4083-B74F-80476D0CA338}.Debug|Any CPU.Build.0 = Debug|Any CPU
		{542874D7-C670-4083-B74F-80476D0CA338}.Release|Any CPU.ActiveCfg = Release|Any CPU
		{542874D7-C670-4083-B74F-80476D0CA338}.Release|Any CPU.Build.0 = Release|Any CPU
		{CC47D633-8906-4087-963A-B585271E4F91}.Debug|Any CPU.ActiveCfg = Debug|Any CPU
		{CC47D633-8906-4087-963A-B585271E4F91}.Debug|Any CPU.Build.0 = Debug|Any CPU
		{CC47D633-8906-4087-963A-B585271E4F91}.Release|Any CPU.ActiveCfg = Release|Any CPU
		{CC47D633-8906-4087-963A-B585271E4F91}.Release|Any CPU.Build.0 = Release|Any CPU
		{416443F7-3318-423E-8FF8-71B7A66226A8}.Debug|Any CPU.ActiveCfg = Debug|Any CPU
		{416443F7-3318-423E-8FF8-71B7A66226A8}.Debug|Any CPU.Build.0 = Debug|Any CPU
		{416443F7-3318-423E-8FF8-71B7A66226A8}.Release|Any CPU.ActiveCfg = Release|Any CPU
		{416443F7-3318-423E-8FF8-71B7A66226A8}.Release|Any CPU.Build.0 = Release|Any CPU
		{FDB393B6-BC6F-410C-95A7-A7E9C2DA6C90}.Debug|Any CPU.ActiveCfg = Debug|Any CPU
		{FDB393B6-BC6F-410C-95A7-A7E9C2DA6C90}.Debug|Any CPU.Build.0 = Debug|Any CPU
		{FDB393B6-BC6F-410C-95A7-A7E9C2DA6C90}.Release|Any CPU.ActiveCfg = Release|Any CPU
		{FDB393B6-BC6F-410C-95A7-A7E9C2DA6C90}.Release|Any CPU.Build.0 = Release|Any CPU
		{3A92B501-4545-4567-BF9A-15BD20CA5643}.Debug|Any CPU.ActiveCfg = Debug|Any CPU
		{3A92B501-4545-4567-BF9A-15BD20CA5643}.Debug|Any CPU.Build.0 = Debug|Any CPU
		{3A92B501-4545-4567-BF9A-15BD20CA5643}.Release|Any CPU.ActiveCfg = Release|Any CPU
		{3A92B501-4545-4567-BF9A-15BD20CA5643}.Release|Any CPU.Build.0 = Release|Any CPU
		{42E5AC0A-92E4-4F83-8EBE-BAAC55FE93C1}.Debug|Any CPU.ActiveCfg = Debug|Any CPU
		{42E5AC0A-92E4-4F83-8EBE-BAAC55FE93C1}.Debug|Any CPU.Build.0 = Debug|Any CPU
		{42E5AC0A-92E4-4F83-8EBE-BAAC55FE93C1}.Release|Any CPU.ActiveCfg = Release|Any CPU
		{42E5AC0A-92E4-4F83-8EBE-BAAC55FE93C1}.Release|Any CPU.Build.0 = Release|Any CPU
		{E00CE8E0-E3F1-4A8B-B077-161462E3FC08}.Debug|Any CPU.ActiveCfg = Debug|Any CPU
		{E00CE8E0-E3F1-4A8B-B077-161462E3FC08}.Debug|Any CPU.Build.0 = Debug|Any CPU
		{E00CE8E0-E3F1-4A8B-B077-161462E3FC08}.Release|Any CPU.ActiveCfg = Release|Any CPU
		{E00CE8E0-E3F1-4A8B-B077-161462E3FC08}.Release|Any CPU.Build.0 = Release|Any CPU
		{65AD5865-97D3-40F8-ABDA-0F3BFF32EB32}.Debug|Any CPU.ActiveCfg = Debug|Any CPU
		{65AD5865-97D3-40F8-ABDA-0F3BFF32EB32}.Debug|Any CPU.Build.0 = Debug|Any CPU
		{65AD5865-97D3-40F8-ABDA-0F3BFF32EB32}.Release|Any CPU.ActiveCfg = Release|Any CPU
		{65AD5865-97D3-40F8-ABDA-0F3BFF32EB32}.Release|Any CPU.Build.0 = Release|Any CPU
		{6E8D49BC-8B58-461E-AABF-466D50D87FC8}.Debug|Any CPU.ActiveCfg = Debug|Any CPU
		{6E8D49BC-8B58-461E-AABF-466D50D87FC8}.Debug|Any CPU.Build.0 = Debug|Any CPU
		{6E8D49BC-8B58-461E-AABF-466D50D87FC8}.Release|Any CPU.ActiveCfg = Release|Any CPU
		{6E8D49BC-8B58-461E-AABF-466D50D87FC8}.Release|Any CPU.Build.0 = Release|Any CPU
	EndGlobalSection
	GlobalSection(SolutionProperties) = preSolution
		HideSolutionNode = FALSE
	EndGlobalSection
	GlobalSection(ExtensibilityGlobals) = postSolution
		SolutionGuid = {112D23E2-D264-4818-A0E7-D7E8CD6381E0}
	EndGlobalSection
EndGlobal
