
Microsoft Visual Studio Solution File, Format Version 12.00
# Visual Studio Version 17
VisualStudioVersion = 17.8.34525.116
MinimumVisualStudioVersion = 10.0.40219.1
Project("{9A19103F-16F7-4668-BE54-9A1E7A4F7556}") = "Practice Projects", "Practice Projects\Practice Projects.csproj", "{542874D7-C670-4083-B74F-80476D0CA338}"
EndProject
Project("{2150E333-8FDC-42A3-9474-1A3956D46DE8}") = "School System", "School System", "{E42AC884-5250-4D72-8ED8-3B76E96BB3C2}"
EndProject
Project("{9A19103F-16F7-4668-BE54-9A1E7A4F7556}") = "SchoolSystem", "SchoolSystem\SchoolSystem.csproj", "{CC47D633-8906-4087-963A-B585271E4F91}"
EndProject
Project("{2150E333-8FDC-42A3-9474-1A3956D46DE8}") = "Design Patterns", "Design Patterns", "{C27FB53D-B984-4EDE-9300-4C73E55FFA76}"
EndProject
Project("{2150E333-8FDC-42A3-9474-1A3956D46DE8}") = "Singleton", "Singleton", "{39BDAEEC-070C-488C-BF08-E6A1C62E638F}"
EndProject
Project("{9A19103F-16F7-4668-BE54-9A1E7A4F7556}") = "singleton", "singleton\singleton.csproj", "{416443F7-3318-423E-8FF8-71B7A66226A8}"
EndProject
Project("{2150E333-8FDC-42A3-9474-1A3956D46DE8}") = "Adapter", "Adapter", "{FC978CAD-39EB-4009-983A-EAAF1CC14DCD}"
EndProject
Project("{9A19103F-16F7-4668-BE54-9A1E7A4F7556}") = "Adapter", "Adapter\Adapter.csproj", "{FDB393B6-BC6F-410C-95A7-A7E9C2DA6C90}"
EndProject
Project("{2150E333-8FDC-42A3-9474-1A3956D46DE8}") = "Strategy", "Strategy", "{73908E9C-EDC5-405C-BC14-17FA3FF63B6C}"
EndProject
Project("{FAE04EC0-301F-11D3-BF4B-00C04F79EFBC}") = "Strategy", "Strategy\Strategy.csproj", "{3A92B501-4545-4567-BF9A-15BD20CA5643}"
EndProject
Project("{2150E333-8FDC-42A3-9474-1A3956D46DE8}") = "Observer", "Observer", "{417BDFE3-2830-4AA6-A2DC-0EB84D8ADBA0}"
EndProject
Project("{2150E333-8FDC-42A3-9474-1A3956D46DE8}") = "Facade", "Facade", "{77F8F05D-107D-459F-B917-C307E5173D7B}"
EndProject
Project("{FAE04EC0-301F-11D3-BF4B-00C04F79EFBC}") = "Facade", "Facade\Facade.csproj", "{42E5AC0A-92E4-4F83-8EBE-BAAC55FE93C1}"
EndProject
Project("{2150E333-8FDC-42A3-9474-1A3956D46DE8}") = "Factory", "Factory", "{C891A32F-7E4E-4686-90F6-29690B8600F9}"
EndProject
Project("{FAE04EC0-301F-11D3-BF4B-00C04F79EFBC}") = "Factory", "Factory\Factory.csproj", "{E00CE8E0-E3F1-4A8B-B077-161462E3FC08}"
EndProject
Project("{FAE04EC0-301F-11D3-BF4B-00C04F79EFBC}") = "Observer", "Observer\Observer.csproj", "{65AD5865-97D3-40F8-ABDA-0F3BFF32EB32}"
EndProject
Global
	GlobalSection(SolutionConfigurationPlatforms) = preSolution
		Debug|Any CPU = Debug|Any CPU
		Release|Any CPU = Release|Any CPU
	EndGlobalSection
	GlobalSection(ProjectConfigurationPlatforms) = postSolution
		{542874D7-C670-4083-B74F-80476D0CA338}.Debug|Any CPU.ActiveCfg = Debug|Any CPU
		{542874D7-C670-4083-B74F-80476D0CA338}.Debug|Any CPU.Build.0 = Debug|Any CPU
		{542874D7-C670-4083-B74F-80476D0CA338}.Release|Any CPU.ActiveCfg = Release|Any CPU
		{542874D7-C670-4083-B74F-80476D0CA338}.Release|Any CPU.Build.0 = Release|Any CPU
		{CC47D633-8906-4087-963A-B585271E4F91}.Debug|Any CPU.ActiveCfg = Debug|Any CPU
		{CC47D633-8906-4087-963A-B585271E4F91}.Debug|Any CPU.Build.0 = Debug|Any CPU
		{CC47D633-8906-4087-963A-B585271E4F91}.Release|Any CPU.ActiveCfg = Release|Any CPU
		{CC47D633-8906-4087-963A-B585271E4F91}.Release|Any CPU.Build.0 = Release|Any CPU
		{416443F7-3318-423E-8FF8-71B7A66226A8}.Debug|Any CPU.ActiveCfg = Debug|Any CPU
		{416443F7-3318-423E-8FF8-71B7A66226A8}.Debug|Any CPU.Build.0 = Debug|Any CPU
		{416443F7-3318-423E-8FF8-71B7A66226A8}.Release|Any CPU.ActiveCfg = Release|Any CPU
		{416443F7-3318-423E-8FF8-71B7A66226A8}.Release|Any CPU.Build.0 = Release|Any CPU
		{FDB393B6-BC6F-410C-95A7-A7E9C2DA6C90}.Debug|Any CPU.ActiveCfg = Debug|Any CPU
		{FDB393B6-BC6F-410C-95A7-A7E9C2DA6C90}.Debug|Any CPU.Build.0 = Debug|Any CPU
		{FDB393B6-BC6F-410C-95A7-A7E9C2DA6C90}.Release|Any CPU.ActiveCfg = Release|Any CPU
		{FDB393B6-BC6F-410C-95A7-A7E9C2DA6C90}.Release|Any CPU.Build.0 = Release|Any CPU
		{3A92B501-4545-4567-BF9A-15BD20CA5643}.Debug|Any CPU.ActiveCfg = Debug|Any CPU
		{3A92B501-4545-4567-BF9A-15BD20CA5643}.Debug|Any CPU.Build.0 = Debug|Any CPU
		{3A92B501-4545-4567-BF9A-15BD20CA5643}.Release|Any CPU.ActiveCfg = Release|Any CPU
		{3A92B501-4545-4567-BF9A-15BD20CA5643}.Release|Any CPU.Build.0 = Release|Any CPU
		{42E5AC0A-92E4-4F83-8EBE-BAAC55FE93C1}.Debug|Any CPU.ActiveCfg = Debug|Any CPU
		{42E5AC0A-92E4-4F83-8EBE-BAAC55FE93C1}.Debug|Any CPU.Build.0 = Debug|Any CPU
		{42E5AC0A-92E4-4F83-8EBE-BAAC55FE93C1}.Release|Any CPU.ActiveCfg = Release|Any CPU
		{42E5AC0A-92E4-4F83-8EBE-BAAC55FE93C1}.Release|Any CPU.Build.0 = Release|Any CPU
		{E00CE8E0-E3F1-4A8B-B077-161462E3FC08}.Debug|Any CPU.ActiveCfg = Debug|Any CPU
		{E00CE8E0-E3F1-4A8B-B077-161462E3FC08}.Debug|Any CPU.Build.0 = Debug|Any CPU
		{E00CE8E0-E3F1-4A8B-B077-161462E3FC08}.Release|Any CPU.ActiveCfg = Release|Any CPU
		{E00CE8E0-E3F1-4A8B-B077-161462E3FC08}.Release|Any CPU.Build.0 = Release|Any CPU
		{65AD5865-97D3-40F8-ABDA-0F3BFF32EB32}.Debug|Any CPU.ActiveCfg = Debug|Any CPU
		{65AD5865-97D3-40F8-ABDA-0F3BFF32EB32}.Debug|Any CPU.Build.0 = Debug|Any CPU
		{65AD5865-97D3-40F8-ABDA-0F3BFF32EB32}.Release|Any CPU.ActiveCfg = Release|Any CPU
		{65AD5865-97D3-40F8-ABDA-0F3BFF32EB32}.Release|Any CPU.Build.0 = Release|Any CPU
	EndGlobalSection
	GlobalSection(SolutionProperties) = preSolution
		HideSolutionNode = FALSE
	EndGlobalSection
	GlobalSection(NestedProjects) = preSolution
		{CC47D633-8906-4087-963A-B585271E4F91} = {E42AC884-5250-4D72-8ED8-3B76E96BB3C2}
		{39BDAEEC-070C-488C-BF08-E6A1C62E638F} = {C27FB53D-B984-4EDE-9300-4C73E55FFA76}
		{416443F7-3318-423E-8FF8-71B7A66226A8} = {39BDAEEC-070C-488C-BF08-E6A1C62E638F}
		{FC978CAD-39EB-4009-983A-EAAF1CC14DCD} = {C27FB53D-B984-4EDE-9300-4C73E55FFA76}
		{FDB393B6-BC6F-410C-95A7-A7E9C2DA6C90} = {FC978CAD-39EB-4009-983A-EAAF1CC14DCD}
		{73908E9C-EDC5-405C-BC14-17FA3FF63B6C} = {C27FB53D-B984-4EDE-9300-4C73E55FFA76}
		{3A92B501-4545-4567-BF9A-15BD20CA5643} = {73908E9C-EDC5-405C-BC14-17FA3FF63B6C}
		{417BDFE3-2830-4AA6-A2DC-0EB84D8ADBA0} = {C27FB53D-B984-4EDE-9300-4C73E55FFA76}
		{77F8F05D-107D-459F-B917-C307E5173D7B} = {C27FB53D-B984-4EDE-9300-4C73E55FFA76}
		{42E5AC0A-92E4-4F83-8EBE-BAAC55FE93C1} = {77F8F05D-107D-459F-B917-C307E5173D7B}
		{C891A32F-7E4E-4686-90F6-29690B8600F9} = {C27FB53D-B984-4EDE-9300-4C73E55FFA76}
		{E00CE8E0-E3F1-4A8B-B077-161462E3FC08} = {C891A32F-7E4E-4686-90F6-29690B8600F9}
		{65AD5865-97D3-40F8-ABDA-0F3BFF32EB32} = {417BDFE3-2830-4AA6-A2DC-0EB84D8ADBA0}
	EndGlobalSection
	GlobalSection(ExtensibilityGlobals) = postSolution
		SolutionGuid = {112D23E2-D264-4818-A0E7-D7E8CD6381E0}
	EndGlobalSection
EndGlobal
